{
  "version": "v1",
  "packages": {
    "@bigbyte/utils": {
      "signature": "7e00aa775773013ad68e69c4f001f9ea",
      "file": true
    },
    "@bigbyte/classpath": {
      "signature": "8ea39f82d08076675c9f257f921eb0ae",
      "file": true
    },
    "@bigbyte/integration": {
      "signature": "c9e29a6d5f35ad3f403ec46d017c5279",
      "file": true
    }
  }
}