{
  "version": "v1",
  "packages": {
    "@bigbyte/utils": {
      "signature": "73e615b7f3358b3a47e0ed48a4331c60",
      "file": true
    },
    "@bigbyte/classpath": {
      "signature": "5a1d9ca18116dbfd02f82147250b1f1a",
      "file": true
    },
    "@bigbyte/integration": {
      "signature": "7d9de30030c9bf7369a0031ffcc83840",
      "file": true
    }
  }
}