{
  "version": "v1",
  "packages": {
    "@bigbyte/utils": {
      "signature": "b00126d06cbe25bf3582d949ecf936c5",
      "file": true
    },
    "@bigbyte/ioc": {
      "signature": "368dce0d4624a7eb7a4ebb4e6b7b6d32",
      "file": true
    },
    "@bigbyte/ctx": {
      "signature": "21e2968ba63deab5d9c77d48f69464fb",
      "file": true
    }
  }
}