{
  "version": "v1",
  "packages": {
    "@bigbyte/utils": {
      "signature": "2412921b06004d0a7a9e6472b5de1f96",
      "file": true
    },
    "@bigbyte/ioc": {
      "signature": "368dce0d4624a7eb7a4ebb4e6b7b6d32",
      "file": true
    },
    "@bigbyte/ctx": {
      "signature": "21e2968ba63deab5d9c77d48f69464fb",
      "file": true
    }
  }
}